{
  "name": "ict-shsm",
  "version": "1.0.0",
  "lockfileVersion": 3,
  "requires": true,
  "packages": {
    "": {
      "name": "ict-shsm",
      "version": "1.0.0",
      "license": "ISC",
      "dependencies": {
        "html-prettify": "^1.0.7",
        "marked": "^10.0.0"
      }
    },
    "node_modules/html-prettify": {
      "version": "1.0.7",
      "resolved": "https://registry.npmjs.org/html-prettify/-/html-prettify-1.0.7.tgz",
      "integrity": "sha512-99pRsP2PV2DyWnrVibNyad7gNmzCP7AANO8jw7Z9yanWyXH9dPdqdMXGefySplroqCNdk95u7j5TLxfyJ1Cbbg=="
    },
    "node_modules/marked": {
      "version": "10.0.0",
      "resolved": "https://registry.npmjs.org/marked/-/marked-10.0.0.tgz",
      "integrity": "sha512-YiGcYcWj50YrwBgNzFoYhQ1hT6GmQbFG8SksnYJX1z4BXTHSOrz1GB5/Jm2yQvMg4nN1FHP4M6r03R10KrVUiA==",
      "bin": {
        "marked": "bin/marked.js"
      },
      "engines": {
        "node": ">= 18"
      }
    }
  }
}
